// !$*UTF8*$!
{
	archiveVersion = 1;
	classes = {
	};
	objectVersion = 54;
	objects = {

/* Begin PBXBuildFile section */
		C106EA53259D2BBD00567945 /* Question.swift in Sources */ = {isa = PBXBuildFile; fileRef = C106EA52259D2BBD00567945 /* Question.swift */; };
		C1982486259BD804003A58C0 /* AppDelegate.swift in Sources */ = {isa = PBXBuildFile; fileRef = C1982485259BD804003A58C0 /* AppDelegate.swift */; };
		C1982488259BD804003A58C0 /* SceneDelegate.swift in Sources */ = {isa = PBXBuildFile; fileRef = C1982487259BD804003A58C0 /* SceneDelegate.swift */; };
		C198248A259BD804003A58C0 /* ViewController.swift in Sources */ = {isa = PBXBuildFile; fileRef = C1982489259BD804003A58C0 /* ViewController.swift */; };
		C198248D259BD804003A58C0 /* Main.storyboard in Resources */ = {isa = PBXBuildFile; fileRef = C198248B259BD804003A58C0 /* Main.storyboard */; };
		C198248F259BD80B003A58C0 /* Assets.xcassets in Resources */ = {isa = PBXBuildFile; fileRef = C198248E259BD80B003A58C0 /* Assets.xcassets */; };
		C1982492259BD80B003A58C0 /* LaunchScreen.storyboard in Resources */ = {isa = PBXBuildFile; fileRef = C1982490259BD80B003A58C0 /* LaunchScreen.storyboard */; };
		C1A5FBC9259CE4E30020F909 /* playstore.png in Resources */ = {isa = PBXBuildFile; fileRef = C1A5FBCB259CE4E30020F909 /* playstore.png */; };
		C1A5FBCD259CE4EE0020F909 /* appstore.png in Resources */ = {isa = PBXBuildFile; fileRef = C1A5FBCF259CE4EE0020F909 /* appstore.png */; };
		C1E744E7259DECF600C9F4D4 /* QuizBrain.swift in Sources */ = {isa = PBXBuildFile; fileRef = C1E744E6259DECF500C9F4D4 /* QuizBrain.swift */; };
/* End PBXBuildFile section */

/* Begin PBXFileReference section */
		C106EA52259D2BBD00567945 /* Question.swift */ = {isa = PBXFileReference; lastKnownFileType = sourcecode.swift; path = Question.swift; sourceTree = "<group>"; };
		C1982482259BD804003A58C0 /* Quizer iOS 14.3.app */ = {isa = PBXFileReference; explicitFileType = wrapper.application; includeInIndex = 0; path = "Quizer iOS 14.3.app"; sourceTree = BUILT_PRODUCTS_DIR; };
		C1982485259BD804003A58C0 /* AppDelegate.swift */ = {isa = PBXFileReference; lastKnownFileType = sourcecode.swift; path = AppDelegate.swift; sourceTree = "<group>"; };
		C1982487259BD804003A58C0 /* SceneDelegate.swift */ = {isa = PBXFileReference; lastKnownFileType = sourcecode.swift; path = SceneDelegate.swift; sourceTree = "<group>"; };
		C1982489259BD804003A58C0 /* ViewController.swift */ = {isa = PBXFileReference; lastKnownFileType = sourcecode.swift; path = ViewController.swift; sourceTree = "<group>"; };
		C198248C259BD804003A58C0 /* Base */ = {isa = PBXFileReference; lastKnownFileType = file.storyboard; name = Base; path = Base.lproj/Main.storyboard; sourceTree = "<group>"; };
		C198248E259BD80B003A58C0 /* Assets.xcassets */ = {isa = PBXFileReference; lastKnownFileType = folder.assetcatalog; path = Assets.xcassets; sourceTree = "<group>"; };
		C1982491259BD80B003A58C0 /* Base */ = {isa = PBXFileReference; lastKnownFileType = file.storyboard; name = Base; path = Base.lproj/LaunchScreen.storyboard; sourceTree = "<group>"; };
		C1982493259BD80B003A58C0 /* Info.plist */ = {isa = PBXFileReference; lastKnownFileType = text.plist.xml; path = Info.plist; sourceTree = "<group>"; };
		C1A5FBCA259CE4E30020F909 /* Base */ = {isa = PBXFileReference; lastKnownFileType = image.png; name = Base; path = Base.lproj/playstore.png; sourceTree = "<group>"; };
		C1A5FBCE259CE4EE0020F909 /* Base */ = {isa = PBXFileReference; lastKnownFileType = image.png; name = Base; path = Base.lproj/appstore.png; sourceTree = "<group>"; };
		C1E744E6259DECF500C9F4D4 /* QuizBrain.swift */ = {isa = PBXFileReference; lastKnownFileType = sourcecode.swift; path = QuizBrain.swift; sourceTree = "<group>"; };
/* End PBXFileReference section */

/* Begin PBXFrameworksBuildPhase section */
		C198247F259BD804003A58C0 /* Frameworks */ = {
			isa = PBXFrameworksBuildPhase;
			buildActionMask = 2147483647;
			files = (
			);
			runOnlyForDeploymentPostprocessing = 0;
		};
/* End PBXFrameworksBuildPhase section */

/* Begin PBXGroup section */
		C1982479259BD804003A58C0 = {
			isa = PBXGroup;
			children = (
				C1982484259BD804003A58C0 /* Quizer iOS 14.3 */,
				C1982483259BD804003A58C0 /* Products */,
			);
			sourceTree = "<group>";
		};
		C1982483259BD804003A58C0 /* Products */ = {
			isa = PBXGroup;
			children = (
				C1982482259BD804003A58C0 /* Quizer iOS 14.3.app */,
			);
			name = Products;
			sourceTree = "<group>";
		};
		C1982484259BD804003A58C0 /* Quizer iOS 14.3 */ = {
			isa = PBXGroup;
			children = (
				C1A5FBCB259CE4E30020F909 /* playstore.png */,
				C1A5FBCF259CE4EE0020F909 /* appstore.png */,
				C1982485259BD804003A58C0 /* AppDelegate.swift */,
				C1982487259BD804003A58C0 /* SceneDelegate.swift */,
				C1E744E2259DEBDC00C9F4D4 /* Model */,
				C1E744E4259DEC1900C9F4D4 /* View */,
				C1E744E5259DEC4600C9F4D4 /* Controller */,
				C198248E259BD80B003A58C0 /* Assets.xcassets */,
				C1982490259BD80B003A58C0 /* LaunchScreen.storyboard */,
				C1982493259BD80B003A58C0 /* Info.plist */,
			);
			path = "Quizer iOS 14.3";
			sourceTree = "<group>";
		};
		C1E744E2259DEBDC00C9F4D4 /* Model */ = {
			isa = PBXGroup;
			children = (
				C106EA52259D2BBD00567945 /* Question.swift */,
				C1E744E6259DECF500C9F4D4 /* QuizBrain.swift */,
			);
			path = Model;
			sourceTree = "<group>";
		};
		C1E744E4259DEC1900C9F4D4 /* View */ = {
			isa = PBXGroup;
			children = (
				C198248B259BD804003A58C0 /* Main.storyboard */,
			);
			path = View;
			sourceTree = "<group>";
		};
		C1E744E5259DEC4600C9F4D4 /* Controller */ = {
			isa = PBXGroup;
			children = (
				C1982489259BD804003A58C0 /* ViewController.swift */,
			);
			path = Controller;
			sourceTree = "<group>";
		};
/* End PBXGroup section */

/* Begin PBXNativeTarget section */
		C1982481259BD804003A58C0 /* Quizer iOS 14.3 */ = {
			isa = PBXNativeTarget;
			buildConfigurationList = C1982496259BD80B003A58C0 /* Build configuration list for PBXNativeTarget "Quizer iOS 14.3" */;
			buildPhases = (
				C198247E259BD804003A58C0 /* Sources */,
				C198247F259BD804003A58C0 /* Frameworks */,
				C1982480259BD804003A58C0 /* Resources */,
			);
			buildRules = (
			);
			dependencies = (
			);
			name = "Quizer iOS 14.3";
			productName = "Quizer iOS 14.3";
			productReference = C1982482259BD804003A58C0 /* Quizer iOS 14.3.app */;
			productType = "com.apple.product-type.application";
		};
/* End PBXNativeTarget section */

/* Begin PBXProject section */
		C198247A259BD804003A58C0 /* Project object */ = {
			isa = PBXProject;
			attributes = {
				LastSwiftUpdateCheck = 1230;
				LastUpgradeCheck = 1230;
				TargetAttributes = {
					C1982481259BD804003A58C0 = {
						CreatedOnToolsVersion = 12.3;
					};
				};
			};
			buildConfigurationList = C198247D259BD804003A58C0 /* Build configuration list for PBXProject "Quizer iOS 14.3" */;
			compatibilityVersion = "Xcode 12.0";
			developmentRegion = en;
			hasScannedForEncodings = 0;
			knownRegions = (
				en,
				Base,
			);
			mainGroup = C1982479259BD804003A58C0;
			productRefGroup = C1982483259BD804003A58C0 /* Products */;
			projectDirPath = "";
			projectRoot = "";
			targets = (
				C1982481259BD804003A58C0 /* Quizer iOS 14.3 */,
			);
		};
/* End PBXProject section */

/* Begin PBXResourcesBuildPhase section */
		C1982480259BD804003A58C0 /* Resources */ = {
			isa = PBXResourcesBuildPhase;
			buildActionMask = 2147483647;
			files = (
				C1982492259BD80B003A58C0 /* LaunchScreen.storyboard in Resources */,
				C1A5FBCD259CE4EE0020F909 /* appstore.png in Resources */,
				C198248F259BD80B003A58C0 /* Assets.xcassets in Resources */,
				C198248D259BD804003A58C0 /* Main.storyboard in Resources */,
				C1A5FBC9259CE4E30020F909 /* playstore.png in Resources */,
			);
			runOnlyForDeploymentPostprocessing = 0;
		};
/* End PBXResourcesBuildPhase section */

/* Begin PBXSourcesBuildPhase section */
		C198247E259BD804003A58C0 /* Sources */ = {
			isa = PBXSourcesBuildPhase;
			buildActionMask = 2147483647;
			files = (
				C1E744E7259DECF600C9F4D4 /* QuizBrain.swift in Sources */,
				C198248A259BD804003A58C0 /* ViewController.swift in Sources */,
				C106EA53259D2BBD00567945 /* Question.swift in Sources */,
				C1982486259BD804003A58C0 /* AppDelegate.swift in Sources */,
				C1982488259BD804003A58C0 /* SceneDelegate.swift in Sources */,
			);
			runOnlyForDeploymentPostprocessing = 0;
		};
/* End PBXSourcesBuildPhase section */

/* Begin PBXVariantGroup section */
		C198248B259BD804003A58C0 /* Main.storyboard */ = {
			isa = PBXVariantGroup;
			children = (
				C198248C259BD804003A58C0 /* Base */,
			);
			name = Main.storyboard;
			sourceTree = "<group>";
		};
		C1982490259BD80B003A58C0 /* LaunchScreen.storyboard */ = {
			isa = PBXVariantGroup;
			children = (
				C1982491259BD80B003A58C0 /* Base */,
			);
			name = LaunchScreen.storyboard;
			sourceTree = "<group>";
		};
		C1A5FBCB259CE4E30020F909 /* playstore.png */ = {
			isa = PBXVariantGroup;
			children = (
				C1A5FBCA259CE4E30020F909 /* Base */,
			);
			name = playstore.png;
			sourceTree = "<group>";
		};
		C1A5FBCF259CE4EE0020F909 /* appstore.png */ = {
			isa = PBXVariantGroup;
			children = (
				C1A5FBCE259CE4EE0020F909 /* Base */,
			);
			name = appstore.png;
			sourceTree = "<group>";
		};
/* End PBXVariantGroup section */

/* Begin XCBuildConfiguration section */
		C1982494259BD80B003A58C0 /* Debug */ = {
			isa = XCBuildConfiguration;
			buildSettings = {
				ALWAYS_SEARCH_USER_PATHS = NO;
				CLANG_ANALYZER_NONNULL = YES;
				CLANG_ANALYZER_NUMBER_OBJECT_CONVERSION = YES_AGGRESSIVE;
				CLANG_CXX_LANGUAGE_STANDARD = "gnu++14";
				CLANG_CXX_LIBRARY = "libc++";
				CLANG_ENABLE_MODULES = YES;
				CLANG_ENABLE_OBJC_ARC = YES;
				CLANG_ENABLE_OBJC_WEAK = YES;
				CLANG_WARN_BLOCK_CAPTURE_AUTORELEASING = YES;
				CLANG_WARN_BOOL_CONVERSION = YES;
				CLANG_WARN_COMMA = YES;
				CLANG_WARN_CONSTANT_CONVERSION = YES;
				CLANG_WARN_DEPRECATED_OBJC_IMPLEMENTATIONS = YES;
				CLANG_WARN_DIRECT_OBJC_ISA_USAGE = YES_ERROR;
				CLANG_WARN_DOCUMENTATION_COMMENTS = YES;
				CLANG_WARN_EMPTY_BODY = YES;
				CLANG_WARN_ENUM_CONVERSION = YES;
				CLANG_WARN_INFINITE_RECURSION = YES;
				CLANG_WARN_INT_CONVERSION = YES;
				CLANG_WARN_NON_LITERAL_NULL_CONVERSION = YES;
				CLANG_WARN_OBJC_IMPLICIT_RETAIN_SELF = YES;
				CLANG_WARN_OBJC_LITERAL_CONVERSION = YES;
				CLANG_WARN_OBJC_ROOT_CLASS = YES_ERROR;
				CLANG_WARN_QUOTED_INCLUDE_IN_FRAMEWORK_HEADER = YES;
				CLANG_WARN_RANGE_LOOP_ANALYSIS = YES;
				CLANG_WARN_STRICT_PROTOTYPES = YES;
				CLANG_WARN_SUSPICIOUS_MOVE = YES;
				CLANG_WARN_UNGUARDED_AVAILABILITY = YES_AGGRESSIVE;
				CLANG_WARN_UNREACHABLE_CODE = YES;
				CLANG_WARN__DUPLICATE_METHOD_MATCH = YES;
				COPY_PHASE_STRIP = NO;
				DEBUG_INFORMATION_FORMAT = dwarf;
				ENABLE_STRICT_OBJC_MSGSEND = YES;
				ENABLE_TESTABILITY = YES;
				GCC_C_LANGUAGE_STANDARD = gnu11;
				GCC_DYNAMIC_NO_PIC = NO;
				GCC_NO_COMMON_BLOCKS = YES;
				GCC_OPTIMIZATION_LEVEL = 0;
				GCC_PREPROCESSOR_DEFINITIONS = (
					"DEBUG=1",
					"$(inherited)",
				);
				GCC_WARN_64_TO_32_BIT_CONVERSION = YES;
				GCC_WARN_ABOUT_RETURN_TYPE = YES_ERROR;
				GCC_WARN_UNDECLARED_SELECTOR = YES;
				GCC_WARN_UNINITIALIZED_AUTOS = YES_AGGRESSIVE;
				GCC_WARN_UNUSED_FUNCTION = YES;
				GCC_WARN_UNUSED_VARIABLE = YES;
				IPHONEOS_DEPLOYMENT_TARGET = 14.3;
				MTL_ENABLE_DEBUG_INFO = INCLUDE_SOURCE;
				MTL_FAST_MATH = YES;
				ONLY_ACTIVE_ARCH = YES;
				SDKROOT = iphoneos;
				SWIFT_ACTIVE_COMPILATION_CONDITIONS = DEBUG;
				SWIFT_OPTIMIZATION_LEVEL = "-Onone";
			};
			name = Debug;
		};
		C1982495259BD80B003A58C0 /* Release */ = {
			isa = XCBuildConfiguration;
			buildSettings = {
				ALWAYS_SEARCH_USER_PATHS = NO;
				CLANG_ANALYZER_NONNULL = YES;
				CLANG_ANALYZER_NUMBER_OBJECT_CONVERSION = YES_AGGRESSIVE;
				CLANG_CXX_LANGUAGE_STANDARD = "gnu++14";
				CLANG_CXX_LIBRARY = "libc++";
				CLANG_ENABLE_MODULES = YES;
				CLANG_ENABLE_OBJC_ARC = YES;
				CLANG_ENABLE_OBJC_WEAK = YES;
				CLANG_WARN_BLOCK_CAPTURE_AUTORELEASING = YES;
				CLANG_WARN_BOOL_CONVERSION = YES;
				CLANG_WARN_COMMA = YES;
				CLANG_WARN_CONSTANT_CONVERSION = YES;
				CLANG_WARN_DEPRECATED_OBJC_IMPLEMENTATIONS = YES;
				CLANG_WARN_DIRECT_OBJC_ISA_USAGE = YES_ERROR;
				CLANG_WARN_DOCUMENTATION_COMMENTS = YES;
				CLANG_WARN_EMPTY_BODY = YES;
				CLANG_WARN_ENUM_CONVERSION = YES;
				CLANG_WARN_INFINITE_RECURSION = YES;
				CLANG_WARN_INT_CONVERSION = YES;
				CLANG_WARN_NON_LITERAL_NULL_CONVERSION = YES;
				CLANG_WARN_OBJC_IMPLICIT_RETAIN_SELF = YES;
				CLANG_WARN_OBJC_LITERAL_CONVERSION = YES;
				CLANG_WARN_OBJC_ROOT_CLASS = YES_ERROR;
				CLANG_WARN_QUOTED_INCLUDE_IN_FRAMEWORK_HEADER = YES;
				CLANG_WARN_RANGE_LOOP_ANALYSIS = YES;
				CLANG_WARN_STRICT_PROTOTYPES = YES;
				CLANG_WARN_SUSPICIOUS_MOVE = YES;
				CLANG_WARN_UNGUARDED_AVAILABILITY = YES_AGGRESSIVE;
				CLANG_WARN_UNREACHABLE_CODE = YES;
				CLANG_WARN__DUPLICATE_METHOD_MATCH = YES;
				COPY_PHASE_STRIP = NO;
				DEBUG_INFORMATION_FORMAT = "dwarf-with-dsym";
				ENABLE_NS_ASSERTIONS = NO;
				ENABLE_STRICT_OBJC_MSGSEND = YES;
				GCC_C_LANGUAGE_STANDARD = gnu11;
				GCC_NO_COMMON_BLOCKS = YES;
				GCC_WARN_64_TO_32_BIT_CONVERSION = YES;
				GCC_WARN_ABOUT_RETURN_TYPE = YES_ERROR;
				GCC_WARN_UNDECLARED_SELECTOR = YES;
				GCC_WARN_UNINITIALIZED_AUTOS = YES_AGGRESSIVE;
				GCC_WARN_UNUSED_FUNCTION = YES;
				GCC_WARN_UNUSED_VARIABLE = YES;
				IPHONEOS_DEPLOYMENT_TARGET = 14.3;
				MTL_ENABLE_DEBUG_INFO = NO;
				MTL_FAST_MATH = YES;
				SDKROOT = iphoneos;
				SWIFT_COMPILATION_MODE = wholemodule;
				SWIFT_OPTIMIZATION_LEVEL = "-O";
				VALIDATE_PRODUCT = YES;
			};
			name = Release;
		};
		C1982497259BD80B003A58C0 /* Debug */ = {
			isa = XCBuildConfiguration;
			buildSettings = {
				ASSETCATALOG_COMPILER_APPICON_NAME = AppIcon;
				ASSETCATALOG_COMPILER_GLOBAL_ACCENT_COLOR_NAME = AccentColor;
				CODE_SIGN_STYLE = Automatic;
				DEVELOPMENT_TEAM = 67VPYHQXK6;
				INFOPLIST_FILE = "Quizer iOS 14.3/Info.plist";
				LD_RUNPATH_SEARCH_PATHS = (
					"$(inherited)",
					"@executable_path/Frameworks",
				);
				PRODUCT_BUNDLE_IDENTIFIER = "nl.zuidbos.Quizer-iOS-14-3";
				PRODUCT_NAME = "$(TARGET_NAME)";
				SWIFT_VERSION = 5.0;
				TARGETED_DEVICE_FAMILY = "1,2";
			};
			name = Debug;
		};
		C1982498259BD80B003A58C0 /* Release */ = {
			isa = XCBuildConfiguration;
			buildSettings = {
				ASSETCATALOG_COMPILER_APPICON_NAME = AppIcon;
				ASSETCATALOG_COMPILER_GLOBAL_ACCENT_COLOR_NAME = AccentColor;
				CODE_SIGN_STYLE = Automatic;
				DEVELOPMENT_TEAM = 67VPYHQXK6;
				INFOPLIST_FILE = "Quizer iOS 14.3/Info.plist";
				LD_RUNPATH_SEARCH_PATHS = (
					"$(inherited)",
					"@executable_path/Frameworks",
				);
				PRODUCT_BUNDLE_IDENTIFIER = "nl.zuidbos.Quizer-iOS-14-3";
				PRODUCT_NAME = "$(TARGET_NAME)";
				SWIFT_VERSION = 5.0;
				TARGETED_DEVICE_FAMILY = "1,2";
			};
			name = Release;
		};
/* End XCBuildConfiguration section */

/* Begin XCConfigurationList section */
		C198247D259BD804003A58C0 /* Build configuration list for PBXProject "Quizer iOS 14.3" */ = {
			isa = XCConfigurationList;
			buildConfigurations = (
				C1982494259BD80B003A58C0 /* Debug */,
				C1982495259BD80B003A58C0 /* Release */,
			);
			defaultConfigurationIsVisible = 0;
			defaultConfigurationName = Release;
		};
		C1982496259BD80B003A58C0 /* Build configuration list for PBXNativeTarget "Quizer iOS 14.3" */ = {
			isa = XCConfigurationList;
			buildConfigurations = (
				C1982497259BD80B003A58C0 /* Debug */,
				C1982498259BD80B003A58C0 /* Release */,
			);
			defaultConfigurationIsVisible = 0;
			defaultConfigurationName = Release;
		};
/* End XCConfigurationList section */
	};
	rootObject = C198247A259BD804003A58C0 /* Project object */;
}
